PODS:
  - AFNetworking (3.1.0):
    - AFNetworking/NSURLSession (= 3.1.0)
    - AFNetworking/Reachability (= 3.1.0)
    - AFNetworking/Security (= 3.1.0)
    - AFNetworking/Serialization (= 3.1.0)
    - AFNetworking/UIKit (= 3.1.0)
  - AFNetworking/NSURLSession (3.1.0):
    - AFNetworking/Reachability
    - AFNetworking/Security
    - AFNetworking/Serialization
  - AFNetworking/Reachability (3.1.0)
  - AFNetworking/Security (3.1.0)
  - AFNetworking/Serialization (3.1.0)
  - AFNetworking/UIKit (3.1.0):
    - AFNetworking/NSURLSession
  - AMSlideMenu (1.5.4)
  - ChameleonFramework (2.1.0):
    - ChameleonFramework/Default (= 2.1.0)
  - ChameleonFramework/Default (2.1.0)
  - DateTools (1.7.0)
  - DZNEmptyDataSet (1.8.1)
  - MagicalRecord (2.3.2):
    - MagicalRecord/Core (= 2.3.2)
  - MagicalRecord/Core (2.3.2)
  - Masonry (1.0.2)
  - MBProgressHUD (1.0.0)
  - PFNavigationDropdownMenu (0.1.1)

DEPENDENCIES:
  - AFNetworking
  - AMSlideMenu
  - ChameleonFramework
  - DateTools
  - DZNEmptyDataSet
  - MagicalRecord
  - Masonry
  - MBProgressHUD
  - PFNavigationDropdownMenu

SPEC CHECKSUMS:
  AFNetworking: 5e0e199f73d8626b11e79750991f5d173d1f8b67
  AMSlideMenu: 8571937703d2b8e187b22c1416be4cafc3532a11
  ChameleonFramework: d21a3cc247abfe5e37609a283a8238b03575cf64
  DateTools: 53288ee8b905fdc75897a1e6b5cc0144b14cba60
  DZNEmptyDataSet: 9525833b9e68ac21c30253e1d3d7076cc828eaa7
  MagicalRecord: 53bed74b4323b930992a725be713e53b37d19755
  Masonry: 7c429b56da9d4ee0bbb3ed77a5ea710d6a5df39e
  MBProgressHUD: 4890f671c94e8a0f3cf959aa731e9de2f036d71a
  PFNavigationDropdownMenu: 135e0f460958407661cc95e201223c1fad79f543

PODFILE CHECKSUM: 4960af1281f1033a1727a01301c45ad55b9bae0f

COCOAPODS: 1.1.1
