PODS:
  - AMSlideMenu (1.5.3)
  - MBProgressHUD (0.9)
  - REMenu (1.10)
  - RNBlurModalView (0.1.0)

DEPENDENCIES:
  - AMSlideMenu
  - MBProgressHUD
  - REMenu
  - RNBlurModalView

SPEC CHECKSUMS:
  AMSlideMenu: d041b0d6f2a50c00b3cf1886a3a80c96a099d673
  MBProgressHUD: d8e7ea388dc1549a42e0d219067cf5f2c898fb66
  REMenu: 30dad195930adf6c5eeb8041e3257aa60bf9fa49
  RNBlurModalView: 0f3fc721d4d1cdb79b39760bc74eb148cf5f5e52

COCOAPODS: 0.37.1
