// !$*UTF8*$!
{
	archiveVersion = 1;
	classes = {
	};
	objectVersion = 46;
	objects = {

/* Begin PBXBuildFile section */
		23C6CF077F03195CD6EB462F /* libPods-KNURE TimeTable iOS.a in Frameworks */ = {isa = PBXBuildFile; fileRef = 0136D0D6A8E4255EACE21AE1 /* libPods-KNURE TimeTable iOS.a */; };
		62AE905289259F6089AB3830 /* libPods-KNURE TimeTable iOS TodayExtension.a in Frameworks */ = {isa = PBXBuildFile; fileRef = 4B859CEED7FA30B40A8A620D /* libPods-KNURE TimeTable iOS TodayExtension.a */; };
		6928EA27182D94BE00070B44 /* ItemsTableViewController.m in Sources */ = {isa = PBXBuildFile; fileRef = 6928EA26182D94BE00070B44 /* ItemsTableViewController.m */; };
		770D05E21DD3A767008D89E1 /* NotificationCenter.framework in Frameworks */ = {isa = PBXBuildFile; fileRef = 773F6445196939220081165C /* NotificationCenter.framework */; };
		770D05E61DD3A767008D89E1 /* TodayViewController.m in Sources */ = {isa = PBXBuildFile; fileRef = 770D05E51DD3A767008D89E1 /* TodayViewController.m */; };
		770D05E91DD3A767008D89E1 /* MainInterface.storyboard in Resources */ = {isa = PBXBuildFile; fileRef = 770D05E71DD3A767008D89E1 /* MainInterface.storyboard */; };
		770D05ED1DD3A767008D89E1 /* KNURE TimeTable iOS TodayExtension.appex in Embed App Extensions */ = {isa = PBXBuildFile; fileRef = 770D05E11DD3A767008D89E1 /* KNURE TimeTable iOS TodayExtension.appex */; settings = {ATTRIBUTES = (RemoveHeadersOnCopy, ); }; };
		770D05F11DD3ABE6008D89E1 /* LessonCollectionViewCell.m in Sources */ = {isa = PBXBuildFile; fileRef = 778E3ADA1DCB9F8D0083A658 /* LessonCollectionViewCell.m */; };
		770D05F21DD3ABEC008D89E1 /* MSCurrentTimeGridline.m in Sources */ = {isa = PBXBuildFile; fileRef = 778E3AC21DCB99A90083A658 /* MSCurrentTimeGridline.m */; };
		770D05F31DD3ABF3008D89E1 /* MSCurrentTimeIndicator.m in Sources */ = {isa = PBXBuildFile; fileRef = 778E3AC41DCB99A90083A658 /* MSCurrentTimeIndicator.m */; };
		770D05F41DD3ABF3008D89E1 /* MSDayColumnHeader.m in Sources */ = {isa = PBXBuildFile; fileRef = 778E3AC61DCB99A90083A658 /* MSDayColumnHeader.m */; };
		770D05F51DD3ABF3008D89E1 /* MSDayColumnHeaderBackground.m in Sources */ = {isa = PBXBuildFile; fileRef = 778E3AC81DCB99A90083A658 /* MSDayColumnHeaderBackground.m */; };
		770D05F61DD3ABF3008D89E1 /* MSGridline.m in Sources */ = {isa = PBXBuildFile; fileRef = 778E3ACC1DCB99A90083A658 /* MSGridline.m */; };
		770D05F71DD3ABF3008D89E1 /* MSTimeRowHeader.m in Sources */ = {isa = PBXBuildFile; fileRef = 778E3ACE1DCB99A90083A658 /* MSTimeRowHeader.m */; };
		770D05F81DD3ABF3008D89E1 /* MSTimeRowHeaderBackground.m in Sources */ = {isa = PBXBuildFile; fileRef = 778E3AD01DCB99A90083A658 /* MSTimeRowHeaderBackground.m */; };
		770D05FB1DD3AF0B008D89E1 /* DataStorage.xcdatamodeld in Sources */ = {isa = PBXBuildFile; fileRef = 77F433241D8EDA6C00775C4A /* DataStorage.xcdatamodeld */; };
		770D05FC1DD3AF3B008D89E1 /* EventParser.m in Sources */ = {isa = PBXBuildFile; fileRef = 7777778A1DC90B8700F557B0 /* EventParser.m */; };
		7713D59E1CA57A0B00FCDA9B /* ModalView.xib in Resources */ = {isa = PBXBuildFile; fileRef = 7713D59D1CA57A0B00FCDA9B /* ModalView.xib */; };
		7713D5A11CA57A4F00FCDA9B /* ModalView.m in Sources */ = {isa = PBXBuildFile; fileRef = 7713D5A01CA57A4F00FCDA9B /* ModalView.m */; };
		771623741DE339EF00B9C928 /* MenuTableViewController.m in Sources */ = {isa = PBXBuildFile; fileRef = 771623731DE339EF00B9C928 /* MenuTableViewController.m */; };
		772025471B51075D0082929F /* InfoPlist.strings in Resources */ = {isa = PBXBuildFile; fileRef = 772025491B51075D0082929F /* InfoPlist.strings */; };
		772963381DDB14660069EBCC /* Lesson+CoreDataClass.m in Sources */ = {isa = PBXBuildFile; fileRef = 772963351DDB14660069EBCC /* Lesson+CoreDataClass.m */; };
		772963391DDB14660069EBCC /* Lesson+CoreDataProperties.m in Sources */ = {isa = PBXBuildFile; fileRef = 772963371DDB14660069EBCC /* Lesson+CoreDataProperties.m */; };
		7729633A1DDB14E40069EBCC /* Lesson+CoreDataClass.m in Sources */ = {isa = PBXBuildFile; fileRef = 772963351DDB14660069EBCC /* Lesson+CoreDataClass.m */; };
		7729633B1DDB14E40069EBCC /* Lesson+CoreDataProperties.m in Sources */ = {isa = PBXBuildFile; fileRef = 772963371DDB14660069EBCC /* Lesson+CoreDataProperties.m */; };
		773302911DD1D6F400F9D3F1 /* SettingsViewController.m in Sources */ = {isa = PBXBuildFile; fileRef = 773302901DD1D6F400F9D3F1 /* SettingsViewController.m */; };
		7777778D1DC90B8700F557B0 /* EventParser.m in Sources */ = {isa = PBXBuildFile; fileRef = 7777778A1DC90B8700F557B0 /* EventParser.m */; };
		7777778E1DC90B8700F557B0 /* Request.m in Sources */ = {isa = PBXBuildFile; fileRef = 7777778C1DC90B8700F557B0 /* Request.m */; };
		778E3AB71DCB86190083A658 /* Item+CoreDataClass.m in Sources */ = {isa = PBXBuildFile; fileRef = 778E3AAC1DCB86190083A658 /* Item+CoreDataClass.m */; };
		778E3AB81DCB86190083A658 /* Item+CoreDataProperties.m in Sources */ = {isa = PBXBuildFile; fileRef = 778E3AAE1DCB86190083A658 /* Item+CoreDataProperties.m */; };
		778E3AD11DCB99A90083A658 /* MSCurrentTimeGridline.m in Sources */ = {isa = PBXBuildFile; fileRef = 778E3AC21DCB99A90083A658 /* MSCurrentTimeGridline.m */; };
		778E3AD21DCB99A90083A658 /* MSCurrentTimeIndicator.m in Sources */ = {isa = PBXBuildFile; fileRef = 778E3AC41DCB99A90083A658 /* MSCurrentTimeIndicator.m */; };
		778E3AD31DCB99A90083A658 /* MSDayColumnHeader.m in Sources */ = {isa = PBXBuildFile; fileRef = 778E3AC61DCB99A90083A658 /* MSDayColumnHeader.m */; };
		778E3AD41DCB99A90083A658 /* MSDayColumnHeaderBackground.m in Sources */ = {isa = PBXBuildFile; fileRef = 778E3AC81DCB99A90083A658 /* MSDayColumnHeaderBackground.m */; };
		778E3AD61DCB99AA0083A658 /* MSGridline.m in Sources */ = {isa = PBXBuildFile; fileRef = 778E3ACC1DCB99A90083A658 /* MSGridline.m */; };
		778E3AD71DCB99AA0083A658 /* MSTimeRowHeader.m in Sources */ = {isa = PBXBuildFile; fileRef = 778E3ACE1DCB99A90083A658 /* MSTimeRowHeader.m */; };
		778E3AD81DCB99AA0083A658 /* MSTimeRowHeaderBackground.m in Sources */ = {isa = PBXBuildFile; fileRef = 778E3AD01DCB99A90083A658 /* MSTimeRowHeaderBackground.m */; };
		778E3ADB1DCB9F8D0083A658 /* LessonCollectionViewCell.m in Sources */ = {isa = PBXBuildFile; fileRef = 778E3ADA1DCB9F8D0083A658 /* LessonCollectionViewCell.m */; };
		779CF1F61DE9E98B002C9CA5 /* TabletTimeTableViewController.m in Sources */ = {isa = PBXBuildFile; fileRef = 779CF1F51DE9E98B002C9CA5 /* TabletTimeTableViewController.m */; };
		779CF1FA1DE9EC7F002C9CA5 /* MainIpad.storyboard in Resources */ = {isa = PBXBuildFile; fileRef = 779CF1F91DE9EC7F002C9CA5 /* MainIpad.storyboard */; };
		779CF1FE1DE9EF6E002C9CA5 /* PopoverMenuViewController.m in Sources */ = {isa = PBXBuildFile; fileRef = 779CF1FD1DE9EF6E002C9CA5 /* PopoverMenuViewController.m */; };
		779CF2011DE9EF9E002C9CA5 /* PopoverComboBoxViewController.m in Sources */ = {isa = PBXBuildFile; fileRef = 779CF2001DE9EF9E002C9CA5 /* PopoverComboBoxViewController.m */; };
		77B0E0F01B656A4F00D4506E /* Localizable.strings in Resources */ = {isa = PBXBuildFile; fileRef = 77B0E0F21B656A4F00D4506E /* Localizable.strings */; };
		77B706671E0D273A00E0F3E5 /* testdata.json in Resources */ = {isa = PBXBuildFile; fileRef = 77B706661E0D273A00E0F3E5 /* testdata.json */; };
		77C8DF9D1B384688001FB152 /* Main.storyboard in Resources */ = {isa = PBXBuildFile; fileRef = 77C8DF9F1B384688001FB152 /* Main.storyboard */; };
		77C8DFAA1B3857F5001FB152 /* InitViewController.m in Sources */ = {isa = PBXBuildFile; fileRef = 77C8DFA91B3857F5001FB152 /* InitViewController.m */; };
		77D8C1B11D8C876B0056B125 /* LaunchScreen.xib in Resources */ = {isa = PBXBuildFile; fileRef = 77D8C1B01D8C876B0056B125 /* LaunchScreen.xib */; };
		77F433261D8EDA6C00775C4A /* DataStorage.xcdatamodeld in Sources */ = {isa = PBXBuildFile; fileRef = 77F433241D8EDA6C00775C4A /* DataStorage.xcdatamodeld */; };
		C33FCC671819965300328F6D /* Foundation.framework in Frameworks */ = {isa = PBXBuildFile; fileRef = C33FCC661819965300328F6D /* Foundation.framework */; };
		C33FCC6B1819965300328F6D /* UIKit.framework in Frameworks */ = {isa = PBXBuildFile; fileRef = C33FCC6A1819965300328F6D /* UIKit.framework */; };
		C33FCC731819965300328F6D /* main.m in Sources */ = {isa = PBXBuildFile; fileRef = C33FCC721819965300328F6D /* main.m */; };
		C33FCC771819965300328F6D /* AppDelegate.m in Sources */ = {isa = PBXBuildFile; fileRef = C33FCC761819965300328F6D /* AppDelegate.m */; };
		C33FCC7D1819965300328F6D /* TimeTableViewController.m in Sources */ = {isa = PBXBuildFile; fileRef = C33FCC7C1819965300328F6D /* TimeTableViewController.m */; };
		C33FCC7F1819965300328F6D /* Images.xcassets in Resources */ = {isa = PBXBuildFile; fileRef = C33FCC7E1819965300328F6D /* Images.xcassets */; };
		C3E9AC1A1878BF3900E84287 /* AddItemsTableViewController.m in Sources */ = {isa = PBXBuildFile; fileRef = C3E9AC191878BF3900E84287 /* AddItemsTableViewController.m */; };
/* End PBXBuildFile section */

/* Begin PBXContainerItemProxy section */
		770D05EB1DD3A767008D89E1 /* PBXContainerItemProxy */ = {
			isa = PBXContainerItemProxy;
			containerPortal = C33FCC5B1819965300328F6D /* Project object */;
			proxyType = 1;
			remoteGlobalIDString = 770D05E01DD3A767008D89E1;
			remoteInfo = "KNURE TimeTable iOS TodayExtension";
		};
/* End PBXContainerItemProxy section */

/* Begin PBXCopyFilesBuildPhase section */
		7713D58C1CA5748600FCDA9B /* Embed Frameworks */ = {
			isa = PBXCopyFilesBuildPhase;
			buildActionMask = 2147483647;
			dstPath = "";
			dstSubfolderSpec = 10;
			files = (
			);
			name = "Embed Frameworks";
			runOnlyForDeploymentPostprocessing = 0;
		};
		773F6456196939220081165C /* Embed App Extensions */ = {
			isa = PBXCopyFilesBuildPhase;
			buildActionMask = 12;
			dstPath = "";
			dstSubfolderSpec = 13;
			files = (
				770D05ED1DD3A767008D89E1 /* KNURE TimeTable iOS TodayExtension.appex in Embed App Extensions */,
			);
			name = "Embed App Extensions";
			runOnlyForDeploymentPostprocessing = 0;
		};
/* End PBXCopyFilesBuildPhase section */

/* Begin PBXFileReference section */
		0136D0D6A8E4255EACE21AE1 /* libPods-KNURE TimeTable iOS.a */ = {isa = PBXFileReference; explicitFileType = archive.ar; includeInIndex = 0; path = "libPods-KNURE TimeTable iOS.a"; sourceTree = BUILT_PRODUCTS_DIR; };
		339A69FFC67A52D1E0A346AF /* Pods-KNURE TimeTable iOS.release.xcconfig */ = {isa = PBXFileReference; includeInIndex = 1; lastKnownFileType = text.xcconfig; name = "Pods-KNURE TimeTable iOS.release.xcconfig"; path = "Pods/Target Support Files/Pods-KNURE TimeTable iOS/Pods-KNURE TimeTable iOS.release.xcconfig"; sourceTree = "<group>"; };
		4B859CEED7FA30B40A8A620D /* libPods-KNURE TimeTable iOS TodayExtension.a */ = {isa = PBXFileReference; explicitFileType = archive.ar; includeInIndex = 0; path = "libPods-KNURE TimeTable iOS TodayExtension.a"; sourceTree = BUILT_PRODUCTS_DIR; };
		6928EA25182D94BE00070B44 /* ItemsTableViewController.h */ = {isa = PBXFileReference; fileEncoding = 4; lastKnownFileType = sourcecode.c.h; name = ItemsTableViewController.h; path = Controller/ItemsTableViewController.h; sourceTree = "<group>"; };
		6928EA26182D94BE00070B44 /* ItemsTableViewController.m */ = {isa = PBXFileReference; fileEncoding = 4; lastKnownFileType = sourcecode.c.objc; name = ItemsTableViewController.m; path = Controller/ItemsTableViewController.m; sourceTree = "<group>"; xcLanguageSpecificationIdentifier = xcode.lang.objc; };
		6F9B3C9852C6F741E7807E8E /* Pods-KNURE TimeTable iOS TodayExtension.debug.xcconfig */ = {isa = PBXFileReference; includeInIndex = 1; lastKnownFileType = text.xcconfig; name = "Pods-KNURE TimeTable iOS TodayExtension.debug.xcconfig"; path = "Pods/Target Support Files/Pods-KNURE TimeTable iOS TodayExtension/Pods-KNURE TimeTable iOS TodayExtension.debug.xcconfig"; sourceTree = "<group>"; };
		770D05E11DD3A767008D89E1 /* KNURE TimeTable iOS TodayExtension.appex */ = {isa = PBXFileReference; explicitFileType = "wrapper.app-extension"; includeInIndex = 0; path = "KNURE TimeTable iOS TodayExtension.appex"; sourceTree = BUILT_PRODUCTS_DIR; };
		770D05E41DD3A767008D89E1 /* TodayViewController.h */ = {isa = PBXFileReference; lastKnownFileType = sourcecode.c.h; path = TodayViewController.h; sourceTree = "<group>"; };
		770D05E51DD3A767008D89E1 /* TodayViewController.m */ = {isa = PBXFileReference; lastKnownFileType = sourcecode.c.objc; path = TodayViewController.m; sourceTree = "<group>"; };
		770D05E81DD3A767008D89E1 /* Base */ = {isa = PBXFileReference; lastKnownFileType = file.storyboard; name = Base; path = Base.lproj/MainInterface.storyboard; sourceTree = "<group>"; };
		770D05EA1DD3A767008D89E1 /* Info.plist */ = {isa = PBXFileReference; lastKnownFileType = text.plist.xml; path = Info.plist; sourceTree = "<group>"; };
		7713D59D1CA57A0B00FCDA9B /* ModalView.xib */ = {isa = PBXFileReference; fileEncoding = 4; lastKnownFileType = file.xib; name = ModalView.xib; path = "View/Modal View/ModalView.xib"; sourceTree = "<group>"; };
		7713D59F1CA57A4F00FCDA9B /* ModalView.h */ = {isa = PBXFileReference; fileEncoding = 4; lastKnownFileType = sourcecode.c.h; name = ModalView.h; path = "View/Modal View/ModalView.h"; sourceTree = "<group>"; };
		7713D5A01CA57A4F00FCDA9B /* ModalView.m */ = {isa = PBXFileReference; fileEncoding = 4; lastKnownFileType = sourcecode.c.objc; name = ModalView.m; path = "View/Modal View/ModalView.m"; sourceTree = "<group>"; };
		771623701DE32B4E00B9C928 /* KNURE TimeTable iOS.entitlements */ = {isa = PBXFileReference; lastKnownFileType = text.plist.entitlements; path = "KNURE TimeTable iOS.entitlements"; sourceTree = "<group>"; };
		771623711DE32B5A00B9C928 /* KNURE TimeTable iOS TodayExtension.entitlements */ = {isa = PBXFileReference; lastKnownFileType = text.plist.entitlements; path = "KNURE TimeTable iOS TodayExtension.entitlements"; sourceTree = "<group>"; };
		771623721DE339EF00B9C928 /* MenuTableViewController.h */ = {isa = PBXFileReference; fileEncoding = 4; lastKnownFileType = sourcecode.c.h; name = MenuTableViewController.h; path = Controller/MenuTableViewController.h; sourceTree = "<group>"; };
		771623731DE339EF00B9C928 /* MenuTableViewController.m */ = {isa = PBXFileReference; fileEncoding = 4; lastKnownFileType = sourcecode.c.objc; name = MenuTableViewController.m; path = Controller/MenuTableViewController.m; sourceTree = "<group>"; };
		772025481B51075D0082929F /* Base */ = {isa = PBXFileReference; lastKnownFileType = text.plist.strings; name = Base; path = Base.lproj/InfoPlist.strings; sourceTree = "<group>"; };
		7720254A1B5107650082929F /* ru */ = {isa = PBXFileReference; lastKnownFileType = text.plist.strings; name = ru; path = ru.lproj/InfoPlist.strings; sourceTree = "<group>"; };
		7720254B1B5107680082929F /* en */ = {isa = PBXFileReference; lastKnownFileType = text.plist.strings; name = en; path = en.lproj/InfoPlist.strings; sourceTree = "<group>"; };
		772963341DDB14660069EBCC /* Lesson+CoreDataClass.h */ = {isa = PBXFileReference; fileEncoding = 4; lastKnownFileType = sourcecode.c.h; path = "Lesson+CoreDataClass.h"; sourceTree = "<group>"; };
		772963351DDB14660069EBCC /* Lesson+CoreDataClass.m */ = {isa = PBXFileReference; fileEncoding = 4; lastKnownFileType = sourcecode.c.objc; path = "Lesson+CoreDataClass.m"; sourceTree = "<group>"; };
		772963361DDB14660069EBCC /* Lesson+CoreDataProperties.h */ = {isa = PBXFileReference; fileEncoding = 4; lastKnownFileType = sourcecode.c.h; path = "Lesson+CoreDataProperties.h"; sourceTree = "<group>"; };
		772963371DDB14660069EBCC /* Lesson+CoreDataProperties.m */ = {isa = PBXFileReference; fileEncoding = 4; lastKnownFileType = sourcecode.c.objc; path = "Lesson+CoreDataProperties.m"; sourceTree = "<group>"; };
		772A180B1DE5B69C00BF0947 /* CoreImage.framework */ = {isa = PBXFileReference; lastKnownFileType = wrapper.framework; name = CoreImage.framework; path = System/Library/Frameworks/CoreImage.framework; sourceTree = SDKROOT; };
		7733028F1DD1D6F400F9D3F1 /* SettingsViewController.h */ = {isa = PBXFileReference; fileEncoding = 4; lastKnownFileType = sourcecode.c.h; name = SettingsViewController.h; path = Controller/SettingsViewController.h; sourceTree = "<group>"; };
		773302901DD1D6F400F9D3F1 /* SettingsViewController.m */ = {isa = PBXFileReference; fileEncoding = 4; lastKnownFileType = sourcecode.c.objc; name = SettingsViewController.m; path = Controller/SettingsViewController.m; sourceTree = "<group>"; };
		773F6445196939220081165C /* NotificationCenter.framework */ = {isa = PBXFileReference; lastKnownFileType = wrapper.framework; name = NotificationCenter.framework; path = System/Library/Frameworks/NotificationCenter.framework; sourceTree = SDKROOT; };
		777777891DC90B8700F557B0 /* EventParser.h */ = {isa = PBXFileReference; fileEncoding = 4; lastKnownFileType = sourcecode.c.h; path = EventParser.h; sourceTree = "<group>"; };
		7777778A1DC90B8700F557B0 /* EventParser.m */ = {isa = PBXFileReference; fileEncoding = 4; lastKnownFileType = sourcecode.c.objc; path = EventParser.m; sourceTree = "<group>"; };
		7777778B1DC90B8700F557B0 /* Request.h */ = {isa = PBXFileReference; fileEncoding = 4; lastKnownFileType = sourcecode.c.h; path = Request.h; sourceTree = "<group>"; };
		7777778C1DC90B8700F557B0 /* Request.m */ = {isa = PBXFileReference; fileEncoding = 4; lastKnownFileType = sourcecode.c.objc; path = Request.m; sourceTree = "<group>"; };
		778C30B61B4FE8FD00E9A462 /* Info.plist */ = {isa = PBXFileReference; fileEncoding = 4; lastKnownFileType = text.plist.xml; path = Info.plist; sourceTree = "<group>"; };
		778E3AAB1DCB86190083A658 /* Item+CoreDataClass.h */ = {isa = PBXFileReference; fileEncoding = 4; lastKnownFileType = sourcecode.c.h; path = "Item+CoreDataClass.h"; sourceTree = "<group>"; };
		778E3AAC1DCB86190083A658 /* Item+CoreDataClass.m */ = {isa = PBXFileReference; fileEncoding = 4; lastKnownFileType = sourcecode.c.objc; path = "Item+CoreDataClass.m"; sourceTree = "<group>"; };
		778E3AAD1DCB86190083A658 /* Item+CoreDataProperties.h */ = {isa = PBXFileReference; fileEncoding = 4; lastKnownFileType = sourcecode.c.h; path = "Item+CoreDataProperties.h"; sourceTree = "<group>"; };
		778E3AAE1DCB86190083A658 /* Item+CoreDataProperties.m */ = {isa = PBXFileReference; fileEncoding = 4; lastKnownFileType = sourcecode.c.objc; path = "Item+CoreDataProperties.m"; sourceTree = "<group>"; };
		778E3AC11DCB99A90083A658 /* MSCurrentTimeGridline.h */ = {isa = PBXFileReference; fileEncoding = 4; lastKnownFileType = sourcecode.c.h; path = MSCurrentTimeGridline.h; sourceTree = "<group>"; };
		778E3AC21DCB99A90083A658 /* MSCurrentTimeGridline.m */ = {isa = PBXFileReference; fileEncoding = 4; lastKnownFileType = sourcecode.c.objc; path = MSCurrentTimeGridline.m; sourceTree = "<group>"; };
		778E3AC31DCB99A90083A658 /* MSCurrentTimeIndicator.h */ = {isa = PBXFileReference; fileEncoding = 4; lastKnownFileType = sourcecode.c.h; path = MSCurrentTimeIndicator.h; sourceTree = "<group>"; };
		778E3AC41DCB99A90083A658 /* MSCurrentTimeIndicator.m */ = {isa = PBXFileReference; fileEncoding = 4; lastKnownFileType = sourcecode.c.objc; path = MSCurrentTimeIndicator.m; sourceTree = "<group>"; };
		778E3AC51DCB99A90083A658 /* MSDayColumnHeader.h */ = {isa = PBXFileReference; fileEncoding = 4; lastKnownFileType = sourcecode.c.h; path = MSDayColumnHeader.h; sourceTree = "<group>"; };
		778E3AC61DCB99A90083A658 /* MSDayColumnHeader.m */ = {isa = PBXFileReference; fileEncoding = 4; lastKnownFileType = sourcecode.c.objc; path = MSDayColumnHeader.m; sourceTree = "<group>"; };
		778E3AC71DCB99A90083A658 /* MSDayColumnHeaderBackground.h */ = {isa = PBXFileReference; fileEncoding = 4; lastKnownFileType = sourcecode.c.h; path = MSDayColumnHeaderBackground.h; sourceTree = "<group>"; };
		778E3AC81DCB99A90083A658 /* MSDayColumnHeaderBackground.m */ = {isa = PBXFileReference; fileEncoding = 4; lastKnownFileType = sourcecode.c.objc; path = MSDayColumnHeaderBackground.m; sourceTree = "<group>"; };
		778E3ACB1DCB99A90083A658 /* MSGridline.h */ = {isa = PBXFileReference; fileEncoding = 4; lastKnownFileType = sourcecode.c.h; path = MSGridline.h; sourceTree = "<group>"; };
		778E3ACC1DCB99A90083A658 /* MSGridline.m */ = {isa = PBXFileReference; fileEncoding = 4; lastKnownFileType = sourcecode.c.objc; path = MSGridline.m; sourceTree = "<group>"; };
		778E3ACD1DCB99A90083A658 /* MSTimeRowHeader.h */ = {isa = PBXFileReference; fileEncoding = 4; lastKnownFileType = sourcecode.c.h; path = MSTimeRowHeader.h; sourceTree = "<group>"; };
		778E3ACE1DCB99A90083A658 /* MSTimeRowHeader.m */ = {isa = PBXFileReference; fileEncoding = 4; lastKnownFileType = sourcecode.c.objc; path = MSTimeRowHeader.m; sourceTree = "<group>"; };
		778E3ACF1DCB99A90083A658 /* MSTimeRowHeaderBackground.h */ = {isa = PBXFileReference; fileEncoding = 4; lastKnownFileType = sourcecode.c.h; path = MSTimeRowHeaderBackground.h; sourceTree = "<group>"; };
		778E3AD01DCB99A90083A658 /* MSTimeRowHeaderBackground.m */ = {isa = PBXFileReference; fileEncoding = 4; lastKnownFileType = sourcecode.c.objc; path = MSTimeRowHeaderBackground.m; sourceTree = "<group>"; };
		778E3AD91DCB9F8D0083A658 /* LessonCollectionViewCell.h */ = {isa = PBXFileReference; fileEncoding = 4; lastKnownFileType = sourcecode.c.h; name = LessonCollectionViewCell.h; path = "View/Lesson Cell/LessonCollectionViewCell.h"; sourceTree = "<group>"; };
		778E3ADA1DCB9F8D0083A658 /* LessonCollectionViewCell.m */ = {isa = PBXFileReference; fileEncoding = 4; lastKnownFileType = sourcecode.c.objc; name = LessonCollectionViewCell.m; path = "View/Lesson Cell/LessonCollectionViewCell.m"; sourceTree = "<group>"; };
		779CF1F41DE9E98B002C9CA5 /* TabletTimeTableViewController.h */ = {isa = PBXFileReference; fileEncoding = 4; lastKnownFileType = sourcecode.c.h; path = TabletTimeTableViewController.h; sourceTree = "<group>"; };
		779CF1F51DE9E98B002C9CA5 /* TabletTimeTableViewController.m */ = {isa = PBXFileReference; fileEncoding = 4; lastKnownFileType = sourcecode.c.objc; path = TabletTimeTableViewController.m; sourceTree = "<group>"; };
		779CF1F91DE9EC7F002C9CA5 /* MainIpad.storyboard */ = {isa = PBXFileReference; fileEncoding = 4; lastKnownFileType = file.storyboard; path = MainIpad.storyboard; sourceTree = "<group>"; };
		779CF1FC1DE9EF6E002C9CA5 /* PopoverMenuViewController.h */ = {isa = PBXFileReference; fileEncoding = 4; lastKnownFileType = sourcecode.c.h; name = PopoverMenuViewController.h; path = Controller/PopoverMenuViewController.h; sourceTree = "<group>"; };
		779CF1FD1DE9EF6E002C9CA5 /* PopoverMenuViewController.m */ = {isa = PBXFileReference; fileEncoding = 4; lastKnownFileType = sourcecode.c.objc; name = PopoverMenuViewController.m; path = Controller/PopoverMenuViewController.m; sourceTree = "<group>"; };
		779CF1FF1DE9EF9E002C9CA5 /* PopoverComboBoxViewController.h */ = {isa = PBXFileReference; fileEncoding = 4; lastKnownFileType = sourcecode.c.h; name = PopoverComboBoxViewController.h; path = Controller/PopoverComboBoxViewController.h; sourceTree = "<group>"; };
		779CF2001DE9EF9E002C9CA5 /* PopoverComboBoxViewController.m */ = {isa = PBXFileReference; fileEncoding = 4; lastKnownFileType = sourcecode.c.objc; name = PopoverComboBoxViewController.m; path = Controller/PopoverComboBoxViewController.m; sourceTree = "<group>"; };
		77B0E0F11B656A4F00D4506E /* Base */ = {isa = PBXFileReference; lastKnownFileType = text.plist.strings; name = Base; path = Base.lproj/Localizable.strings; sourceTree = "<group>"; };
		77B0E0F31B656A5000D4506E /* ru */ = {isa = PBXFileReference; lastKnownFileType = text.plist.strings; name = ru; path = ru.lproj/Localizable.strings; sourceTree = "<group>"; };
		77B0E0F41B656A5100D4506E /* en */ = {isa = PBXFileReference; lastKnownFileType = text.plist.strings; name = en; path = en.lproj/Localizable.strings; sourceTree = "<group>"; };
		77B706661E0D273A00E0F3E5 /* testdata.json */ = {isa = PBXFileReference; fileEncoding = 4; lastKnownFileType = text.json; name = testdata.json; path = Resources/testdata.json; sourceTree = "<group>"; };
		77C8DF9E1B384688001FB152 /* Base */ = {isa = PBXFileReference; lastKnownFileType = file.storyboard; name = Base; path = Base.lproj/Main.storyboard; sourceTree = "<group>"; };
		77C8DFA81B3857F5001FB152 /* InitViewController.h */ = {isa = PBXFileReference; fileEncoding = 4; lastKnownFileType = sourcecode.c.h; name = InitViewController.h; path = Controller/InitViewController.h; sourceTree = "<group>"; };
		77C8DFA91B3857F5001FB152 /* InitViewController.m */ = {isa = PBXFileReference; fileEncoding = 4; lastKnownFileType = sourcecode.c.objc; name = InitViewController.m; path = Controller/InitViewController.m; sourceTree = "<group>"; };
		77CA97851E0D5B6A0087BF1B /* PrefixHeader.pch */ = {isa = PBXFileReference; lastKnownFileType = sourcecode.c.h; path = PrefixHeader.pch; sourceTree = "<group>"; };
		77D8C1B01D8C876B0056B125 /* LaunchScreen.xib */ = {isa = PBXFileReference; fileEncoding = 4; lastKnownFileType = file.xib; name = LaunchScreen.xib; path = View/LaunchScreen.xib; sourceTree = "<group>"; };
		77F433251D8EDA6C00775C4A /* DataStorage.xcdatamodel */ = {isa = PBXFileReference; lastKnownFileType = wrapper.xcdatamodel; path = DataStorage.xcdatamodel; sourceTree = "<group>"; };
		C33FCC631819965300328F6D /* KNURE TimeTable iOS.app */ = {isa = PBXFileReference; explicitFileType = wrapper.application; includeInIndex = 0; path = "KNURE TimeTable iOS.app"; sourceTree = BUILT_PRODUCTS_DIR; };
		C33FCC661819965300328F6D /* Foundation.framework */ = {isa = PBXFileReference; lastKnownFileType = wrapper.framework; name = Foundation.framework; path = System/Library/Frameworks/Foundation.framework; sourceTree = SDKROOT; };
		C33FCC681819965300328F6D /* CoreGraphics.framework */ = {isa = PBXFileReference; lastKnownFileType = wrapper.framework; name = CoreGraphics.framework; path = System/Library/Frameworks/CoreGraphics.framework; sourceTree = SDKROOT; };
		C33FCC6A1819965300328F6D /* UIKit.framework */ = {isa = PBXFileReference; lastKnownFileType = wrapper.framework; name = UIKit.framework; path = System/Library/Frameworks/UIKit.framework; sourceTree = SDKROOT; };
		C33FCC721819965300328F6D /* main.m */ = {isa = PBXFileReference; lastKnownFileType = sourcecode.c.objc; path = main.m; sourceTree = "<group>"; };
		C33FCC751819965300328F6D /* AppDelegate.h */ = {isa = PBXFileReference; lastKnownFileType = sourcecode.c.h; path = AppDelegate.h; sourceTree = "<group>"; };
		C33FCC761819965300328F6D /* AppDelegate.m */ = {isa = PBXFileReference; lastKnownFileType = sourcecode.c.objc; path = AppDelegate.m; sourceTree = "<group>"; };
		C33FCC7B1819965300328F6D /* TimeTableViewController.h */ = {isa = PBXFileReference; lastKnownFileType = sourcecode.c.h; name = TimeTableViewController.h; path = Controller/TimeTableViewController.h; sourceTree = "<group>"; };
		C33FCC7C1819965300328F6D /* TimeTableViewController.m */ = {isa = PBXFileReference; lastKnownFileType = sourcecode.c.objc; name = TimeTableViewController.m; path = Controller/TimeTableViewController.m; sourceTree = "<group>"; xcLanguageSpecificationIdentifier = xcode.lang.objc; };
		C33FCC7E1819965300328F6D /* Images.xcassets */ = {isa = PBXFileReference; lastKnownFileType = folder.assetcatalog; path = Images.xcassets; sourceTree = "<group>"; };
		C3E9AC181878BF3900E84287 /* AddItemsTableViewController.h */ = {isa = PBXFileReference; fileEncoding = 4; lastKnownFileType = sourcecode.c.h; name = AddItemsTableViewController.h; path = Controller/AddItemsTableViewController.h; sourceTree = "<group>"; };
		C3E9AC191878BF3900E84287 /* AddItemsTableViewController.m */ = {isa = PBXFileReference; fileEncoding = 4; lastKnownFileType = sourcecode.c.objc; name = AddItemsTableViewController.m; path = Controller/AddItemsTableViewController.m; sourceTree = "<group>"; xcLanguageSpecificationIdentifier = xcode.lang.objcpp; };
		D27587E9845C57B26288F1AE /* Pods-KNURE TimeTable iOS.debug.xcconfig */ = {isa = PBXFileReference; includeInIndex = 1; lastKnownFileType = text.xcconfig; name = "Pods-KNURE TimeTable iOS.debug.xcconfig"; path = "Pods/Target Support Files/Pods-KNURE TimeTable iOS/Pods-KNURE TimeTable iOS.debug.xcconfig"; sourceTree = "<group>"; };
		F2A9195A42602F6993537CEE /* Pods-KNURE TimeTable iOS TodayExtension.release.xcconfig */ = {isa = PBXFileReference; includeInIndex = 1; lastKnownFileType = text.xcconfig; name = "Pods-KNURE TimeTable iOS TodayExtension.release.xcconfig"; path = "Pods/Target Support Files/Pods-KNURE TimeTable iOS TodayExtension/Pods-KNURE TimeTable iOS TodayExtension.release.xcconfig"; sourceTree = "<group>"; };
/* End PBXFileReference section */

/* Begin PBXFrameworksBuildPhase section */
		770D05DE1DD3A767008D89E1 /* Frameworks */ = {
			isa = PBXFrameworksBuildPhase;
			buildActionMask = 2147483647;
			files = (
				770D05E21DD3A767008D89E1 /* NotificationCenter.framework in Frameworks */,
				62AE905289259F6089AB3830 /* libPods-KNURE TimeTable iOS TodayExtension.a in Frameworks */,
			);
			runOnlyForDeploymentPostprocessing = 0;
		};
		C33FCC601819965300328F6D /* Frameworks */ = {
			isa = PBXFrameworksBuildPhase;
			buildActionMask = 2147483647;
			files = (
				C33FCC6B1819965300328F6D /* UIKit.framework in Frameworks */,
				C33FCC671819965300328F6D /* Foundation.framework in Frameworks */,
				23C6CF077F03195CD6EB462F /* libPods-KNURE TimeTable iOS.a in Frameworks */,
			);
			runOnlyForDeploymentPostprocessing = 0;
		};
/* End PBXFrameworksBuildPhase section */

/* Begin PBXGroup section */
		770D05E31DD3A767008D89E1 /* KNURE TimeTable iOS TodayExtension */ = {
			isa = PBXGroup;
			children = (
				771623711DE32B5A00B9C928 /* KNURE TimeTable iOS TodayExtension.entitlements */,
				770D05E41DD3A767008D89E1 /* TodayViewController.h */,
				770D05E51DD3A767008D89E1 /* TodayViewController.m */,
				770D05E71DD3A767008D89E1 /* MainInterface.storyboard */,
				770D05EA1DD3A767008D89E1 /* Info.plist */,
			);
			path = "KNURE TimeTable iOS TodayExtension";
			sourceTree = "<group>";
		};
		7713D5941CA5767A00FCDA9B /* View */ = {
			isa = PBXGroup;
			children = (
				77C8DF9F1B384688001FB152 /* Main.storyboard */,
				779CF1F91DE9EC7F002C9CA5 /* MainIpad.storyboard */,
				778E3ADC1DCB9F930083A658 /* Lesson Cell */,
				778E3AC01DCB99A90083A658 /* CollectionView elements */,
				7713D5961CA576A100FCDA9B /* Modal View */,
				77D8C1B01D8C876B0056B125 /* LaunchScreen.xib */,
			);
			name = View;
			sourceTree = "<group>";
		};
		7713D5961CA576A100FCDA9B /* Modal View */ = {
			isa = PBXGroup;
			children = (
				7713D59D1CA57A0B00FCDA9B /* ModalView.xib */,
				7713D59F1CA57A4F00FCDA9B /* ModalView.h */,
				7713D5A01CA57A4F00FCDA9B /* ModalView.m */,
			);
			name = "Modal View";
			sourceTree = "<group>";
		};
		7713D5A91CA585C900FCDA9B /* Model */ = {
			isa = PBXGroup;
			children = (
				777777891DC90B8700F557B0 /* EventParser.h */,
				7777778A1DC90B8700F557B0 /* EventParser.m */,
				7777778B1DC90B8700F557B0 /* Request.h */,
				7777778C1DC90B8700F557B0 /* Request.m */,
				77F4568D1D9293DD0078BDAD /* CoreData */,
			);
			path = Model;
			sourceTree = "<group>";
		};
		772025441B51071A0082929F /* Resources */ = {
			isa = PBXGroup;
			children = (
				C33FCC7E1819965300328F6D /* Images.xcassets */,
				772025491B51075D0082929F /* InfoPlist.strings */,
				77B0E0F21B656A4F00D4506E /* Localizable.strings */,
				77B706661E0D273A00E0F3E5 /* testdata.json */,
			);
			name = Resources;
			sourceTree = "<group>";
		};
		778E3ABD1DCB86270083A658 /* Item */ = {
			isa = PBXGroup;
			children = (
				778E3AAB1DCB86190083A658 /* Item+CoreDataClass.h */,
				778E3AAC1DCB86190083A658 /* Item+CoreDataClass.m */,
				778E3AAD1DCB86190083A658 /* Item+CoreDataProperties.h */,
				778E3AAE1DCB86190083A658 /* Item+CoreDataProperties.m */,
			);
			name = Item;
			sourceTree = "<group>";
		};
		778E3ABE1DCB86300083A658 /* Lesson */ = {
			isa = PBXGroup;
			children = (
				772963341DDB14660069EBCC /* Lesson+CoreDataClass.h */,
				772963351DDB14660069EBCC /* Lesson+CoreDataClass.m */,
				772963361DDB14660069EBCC /* Lesson+CoreDataProperties.h */,
				772963371DDB14660069EBCC /* Lesson+CoreDataProperties.m */,
			);
			name = Lesson;
			sourceTree = "<group>";
		};
		778E3AC01DCB99A90083A658 /* CollectionView elements */ = {
			isa = PBXGroup;
			children = (
				778E3AC11DCB99A90083A658 /* MSCurrentTimeGridline.h */,
				778E3AC21DCB99A90083A658 /* MSCurrentTimeGridline.m */,
				778E3AC31DCB99A90083A658 /* MSCurrentTimeIndicator.h */,
				778E3AC41DCB99A90083A658 /* MSCurrentTimeIndicator.m */,
				778E3AC51DCB99A90083A658 /* MSDayColumnHeader.h */,
				778E3AC61DCB99A90083A658 /* MSDayColumnHeader.m */,
				778E3AC71DCB99A90083A658 /* MSDayColumnHeaderBackground.h */,
				778E3AC81DCB99A90083A658 /* MSDayColumnHeaderBackground.m */,
				778E3ACB1DCB99A90083A658 /* MSGridline.h */,
				778E3ACC1DCB99A90083A658 /* MSGridline.m */,
				778E3ACD1DCB99A90083A658 /* MSTimeRowHeader.h */,
				778E3ACE1DCB99A90083A658 /* MSTimeRowHeader.m */,
				778E3ACF1DCB99A90083A658 /* MSTimeRowHeaderBackground.h */,
				778E3AD01DCB99A90083A658 /* MSTimeRowHeaderBackground.m */,
			);
			name = "CollectionView elements";
			path = "View/CollectionView elements";
			sourceTree = "<group>";
		};
		778E3ADC1DCB9F930083A658 /* Lesson Cell */ = {
			isa = PBXGroup;
			children = (
				778E3AD91DCB9F8D0083A658 /* LessonCollectionViewCell.h */,
				778E3ADA1DCB9F8D0083A658 /* LessonCollectionViewCell.m */,
			);
			name = "Lesson Cell";
			sourceTree = "<group>";
		};
		779264B21A0EA23800FBC4A2 /* Controller */ = {
			isa = PBXGroup;
			children = (
				77C8DFA81B3857F5001FB152 /* InitViewController.h */,
				77C8DFA91B3857F5001FB152 /* InitViewController.m */,
				771623721DE339EF00B9C928 /* MenuTableViewController.h */,
				771623731DE339EF00B9C928 /* MenuTableViewController.m */,
				C33FCC7B1819965300328F6D /* TimeTableViewController.h */,
				C33FCC7C1819965300328F6D /* TimeTableViewController.m */,
				6928EA25182D94BE00070B44 /* ItemsTableViewController.h */,
				6928EA26182D94BE00070B44 /* ItemsTableViewController.m */,
				C3E9AC181878BF3900E84287 /* AddItemsTableViewController.h */,
				C3E9AC191878BF3900E84287 /* AddItemsTableViewController.m */,
				7733028F1DD1D6F400F9D3F1 /* SettingsViewController.h */,
				773302901DD1D6F400F9D3F1 /* SettingsViewController.m */,
				779CF1FB1DE9EF34002C9CA5 /* iPad */,
			);
			name = Controller;
			sourceTree = "<group>";
		};
		779CF1FB1DE9EF34002C9CA5 /* iPad */ = {
			isa = PBXGroup;
			children = (
				779CF1F41DE9E98B002C9CA5 /* TabletTimeTableViewController.h */,
				779CF1F51DE9E98B002C9CA5 /* TabletTimeTableViewController.m */,
				779CF1FC1DE9EF6E002C9CA5 /* PopoverMenuViewController.h */,
				779CF1FD1DE9EF6E002C9CA5 /* PopoverMenuViewController.m */,
				779CF1FF1DE9EF9E002C9CA5 /* PopoverComboBoxViewController.h */,
				779CF2001DE9EF9E002C9CA5 /* PopoverComboBoxViewController.m */,
			);
			name = iPad;
			sourceTree = "<group>";
		};
		77F4568D1D9293DD0078BDAD /* CoreData */ = {
			isa = PBXGroup;
			children = (
				778E3ABD1DCB86270083A658 /* Item */,
				778E3ABE1DCB86300083A658 /* Lesson */,
				77F433241D8EDA6C00775C4A /* DataStorage.xcdatamodeld */,
			);
			name = CoreData;
			sourceTree = "<group>";
		};
		9591FB9BF91BE088FE60962A /* Pods */ = {
			isa = PBXGroup;
			children = (
				D27587E9845C57B26288F1AE /* Pods-KNURE TimeTable iOS.debug.xcconfig */,
				339A69FFC67A52D1E0A346AF /* Pods-KNURE TimeTable iOS.release.xcconfig */,
				6F9B3C9852C6F741E7807E8E /* Pods-KNURE TimeTable iOS TodayExtension.debug.xcconfig */,
				F2A9195A42602F6993537CEE /* Pods-KNURE TimeTable iOS TodayExtension.release.xcconfig */,
			);
			name = Pods;
			sourceTree = "<group>";
		};
		C33FCC5A1819965300328F6D = {
			isa = PBXGroup;
			children = (
				C33FCC6C1819965300328F6D /* KNURE TimeTable iOS */,
				770D05E31DD3A767008D89E1 /* KNURE TimeTable iOS TodayExtension */,
				C33FCC651819965300328F6D /* Frameworks */,
				C33FCC641819965300328F6D /* Products */,
				9591FB9BF91BE088FE60962A /* Pods */,
			);
			sourceTree = "<group>";
		};
		C33FCC641819965300328F6D /* Products */ = {
			isa = PBXGroup;
			children = (
				C33FCC631819965300328F6D /* KNURE TimeTable iOS.app */,
				770D05E11DD3A767008D89E1 /* KNURE TimeTable iOS TodayExtension.appex */,
			);
			name = Products;
			sourceTree = "<group>";
		};
		C33FCC651819965300328F6D /* Frameworks */ = {
			isa = PBXGroup;
			children = (
				772A180B1DE5B69C00BF0947 /* CoreImage.framework */,
				C33FCC661819965300328F6D /* Foundation.framework */,
				C33FCC681819965300328F6D /* CoreGraphics.framework */,
				C33FCC6A1819965300328F6D /* UIKit.framework */,
				773F6445196939220081165C /* NotificationCenter.framework */,
				0136D0D6A8E4255EACE21AE1 /* libPods-KNURE TimeTable iOS.a */,
				4B859CEED7FA30B40A8A620D /* libPods-KNURE TimeTable iOS TodayExtension.a */,
			);
			name = Frameworks;
			sourceTree = "<group>";
		};
		C33FCC6C1819965300328F6D /* KNURE TimeTable iOS */ = {
			isa = PBXGroup;
			children = (
				771623701DE32B4E00B9C928 /* KNURE TimeTable iOS.entitlements */,
				7713D5A91CA585C900FCDA9B /* Model */,
				7713D5941CA5767A00FCDA9B /* View */,
				779264B21A0EA23800FBC4A2 /* Controller */,
				772025441B51071A0082929F /* Resources */,
				C33FCC6D1819965300328F6D /* Supporting Files */,
			);
			path = "KNURE TimeTable iOS";
			sourceTree = "<group>";
		};
		C33FCC6D1819965300328F6D /* Supporting Files */ = {
			isa = PBXGroup;
			children = (
				C33FCC751819965300328F6D /* AppDelegate.h */,
				C33FCC761819965300328F6D /* AppDelegate.m */,
				77CA97851E0D5B6A0087BF1B /* PrefixHeader.pch */,
				778C30B61B4FE8FD00E9A462 /* Info.plist */,
				C33FCC721819965300328F6D /* main.m */,
			);
			name = "Supporting Files";
			sourceTree = "<group>";
		};
/* End PBXGroup section */

/* Begin PBXNativeTarget section */
		770D05E01DD3A767008D89E1 /* KNURE TimeTable iOS TodayExtension */ = {
			isa = PBXNativeTarget;
			buildConfigurationList = 770D05F01DD3A767008D89E1 /* Build configuration list for PBXNativeTarget "KNURE TimeTable iOS TodayExtension" */;
			buildPhases = (
				7BA71EE07CDC45D85659432C /* [CP] Check Pods Manifest.lock */,
				770D05DD1DD3A767008D89E1 /* Sources */,
				770D05DE1DD3A767008D89E1 /* Frameworks */,
				770D05DF1DD3A767008D89E1 /* Resources */,
				7DA4B5ACDF0BB339831A3F65 /* [CP] Copy Pods Resources */,
			);
			buildRules = (
			);
			dependencies = (
			);
			name = "KNURE TimeTable iOS TodayExtension";
			productName = "KNURE TimeTable iOS TodayExtension";
			productReference = 770D05E11DD3A767008D89E1 /* KNURE TimeTable iOS TodayExtension.appex */;
			productType = "com.apple.product-type.app-extension";
		};
		C33FCC621819965300328F6D /* KNURE TimeTable iOS */ = {
			isa = PBXNativeTarget;
			buildConfigurationList = C33FCC951819965300328F6D /* Build configuration list for PBXNativeTarget "KNURE TimeTable iOS" */;
			buildPhases = (
				39D934364FAAB55AB9B5F47D /* [CP] Check Pods Manifest.lock */,
				C33FCC5F1819965300328F6D /* Sources */,
				C33FCC601819965300328F6D /* Frameworks */,
				C33FCC611819965300328F6D /* Resources */,
				773F6456196939220081165C /* Embed App Extensions */,
				7713D58C1CA5748600FCDA9B /* Embed Frameworks */,
				9A7D5350389B0438B63769F0 /* [CP] Embed Pods Frameworks */,
				01683DD0EEB66A63AC15E0F4 /* [CP] Copy Pods Resources */,
			);
			buildRules = (
			);
			dependencies = (
				770D05EC1DD3A767008D89E1 /* PBXTargetDependency */,
			);
			name = "KNURE TimeTable iOS";
			productName = "KNURE-Sked";
			productReference = C33FCC631819965300328F6D /* KNURE TimeTable iOS.app */;
			productType = "com.apple.product-type.application";
		};
/* End PBXNativeTarget section */

/* Begin PBXProject section */
		C33FCC5B1819965300328F6D /* Project object */ = {
			isa = PBXProject;
			attributes = {
				LastUpgradeCheck = 0800;
				ORGANIZATIONNAME = "Vlad Chapaev";
				TargetAttributes = {
					770D05E01DD3A767008D89E1 = {
						CreatedOnToolsVersion = 8.1;
						DevelopmentTeam = GJ8GF93D7L;
						ProvisioningStyle = Automatic;
						SystemCapabilities = {
							com.apple.ApplicationGroups.iOS = {
								enabled = 1;
							};
						};
					};
					C33FCC621819965300328F6D = {
						DevelopmentTeam = GJ8GF93D7L;
						SystemCapabilities = {
							com.apple.ApplicationGroups.iOS = {
								enabled = 1;
							};
						};
					};
				};
			};
			buildConfigurationList = C33FCC5E1819965300328F6D /* Build configuration list for PBXProject "KNURE TimeTable" */;
			compatibilityVersion = "Xcode 3.2";
			developmentRegion = English;
			hasScannedForEncodings = 0;
			knownRegions = (
				Base,
				ru,
				en,
			);
			mainGroup = C33FCC5A1819965300328F6D;
			productRefGroup = C33FCC641819965300328F6D /* Products */;
			projectDirPath = "";
			projectRoot = "";
			targets = (
				C33FCC621819965300328F6D /* KNURE TimeTable iOS */,
				770D05E01DD3A767008D89E1 /* KNURE TimeTable iOS TodayExtension */,
			);
		};
/* End PBXProject section */

/* Begin PBXResourcesBuildPhase section */
		770D05DF1DD3A767008D89E1 /* Resources */ = {
			isa = PBXResourcesBuildPhase;
			buildActionMask = 2147483647;
			files = (
				770D05E91DD3A767008D89E1 /* MainInterface.storyboard in Resources */,
			);
			runOnlyForDeploymentPostprocessing = 0;
		};
		C33FCC611819965300328F6D /* Resources */ = {
			isa = PBXResourcesBuildPhase;
			buildActionMask = 2147483647;
			files = (
				77B0E0F01B656A4F00D4506E /* Localizable.strings in Resources */,
				77C8DF9D1B384688001FB152 /* Main.storyboard in Resources */,
				7713D59E1CA57A0B00FCDA9B /* ModalView.xib in Resources */,
				77D8C1B11D8C876B0056B125 /* LaunchScreen.xib in Resources */,
				C33FCC7F1819965300328F6D /* Images.xcassets in Resources */,
				779CF1FA1DE9EC7F002C9CA5 /* MainIpad.storyboard in Resources */,
				772025471B51075D0082929F /* InfoPlist.strings in Resources */,
				77B706671E0D273A00E0F3E5 /* testdata.json in Resources */,
			);
			runOnlyForDeploymentPostprocessing = 0;
		};
/* End PBXResourcesBuildPhase section */

/* Begin PBXShellScriptBuildPhase section */
		01683DD0EEB66A63AC15E0F4 /* [CP] Copy Pods Resources */ = {
			isa = PBXShellScriptBuildPhase;
			buildActionMask = 2147483647;
			files = (
			);
			inputPaths = (
			);
			name = "[CP] Copy Pods Resources";
			outputPaths = (
			);
			runOnlyForDeploymentPostprocessing = 0;
			shellPath = /bin/sh;
			shellScript = "\"${SRCROOT}/Pods/Target Support Files/Pods-KNURE TimeTable iOS/Pods-KNURE TimeTable iOS-resources.sh\"\n";
			showEnvVarsInLog = 0;
		};
		39D934364FAAB55AB9B5F47D /* [CP] Check Pods Manifest.lock */ = {
			isa = PBXShellScriptBuildPhase;
			buildActionMask = 2147483647;
			files = (
			);
			inputPaths = (
			);
			name = "[CP] Check Pods Manifest.lock";
			outputPaths = (
			);
			runOnlyForDeploymentPostprocessing = 0;
			shellPath = /bin/sh;
			shellScript = "diff \"${PODS_ROOT}/../Podfile.lock\" \"${PODS_ROOT}/Manifest.lock\" > /dev/null\nif [ $? != 0 ] ; then\n    # print error to STDERR\n    echo \"error: The sandbox is not in sync with the Podfile.lock. Run 'pod install' or update your CocoaPods installation.\" >&2\n    exit 1\nfi\n";
			showEnvVarsInLog = 0;
		};
		7BA71EE07CDC45D85659432C /* [CP] Check Pods Manifest.lock */ = {
			isa = PBXShellScriptBuildPhase;
			buildActionMask = 2147483647;
			files = (
			);
			inputPaths = (
			);
			name = "[CP] Check Pods Manifest.lock";
			outputPaths = (
			);
			runOnlyForDeploymentPostprocessing = 0;
			shellPath = /bin/sh;
			shellScript = "diff \"${PODS_ROOT}/../Podfile.lock\" \"${PODS_ROOT}/Manifest.lock\" > /dev/null\nif [ $? != 0 ] ; then\n    # print error to STDERR\n    echo \"error: The sandbox is not in sync with the Podfile.lock. Run 'pod install' or update your CocoaPods installation.\" >&2\n    exit 1\nfi\n";
			showEnvVarsInLog = 0;
		};
		7DA4B5ACDF0BB339831A3F65 /* [CP] Copy Pods Resources */ = {
			isa = PBXShellScriptBuildPhase;
			buildActionMask = 2147483647;
			files = (
			);
			inputPaths = (
			);
			name = "[CP] Copy Pods Resources";
			outputPaths = (
			);
			runOnlyForDeploymentPostprocessing = 0;
			shellPath = /bin/sh;
			shellScript = "\"${SRCROOT}/Pods/Target Support Files/Pods-KNURE TimeTable iOS TodayExtension/Pods-KNURE TimeTable iOS TodayExtension-resources.sh\"\n";
			showEnvVarsInLog = 0;
		};
		9A7D5350389B0438B63769F0 /* [CP] Embed Pods Frameworks */ = {
			isa = PBXShellScriptBuildPhase;
			buildActionMask = 2147483647;
			files = (
			);
			inputPaths = (
			);
			name = "[CP] Embed Pods Frameworks";
			outputPaths = (
			);
			runOnlyForDeploymentPostprocessing = 0;
			shellPath = /bin/sh;
			shellScript = "\"${SRCROOT}/Pods/Target Support Files/Pods-KNURE TimeTable iOS/Pods-KNURE TimeTable iOS-frameworks.sh\"\n";
			showEnvVarsInLog = 0;
		};
/* End PBXShellScriptBuildPhase section */

/* Begin PBXSourcesBuildPhase section */
		770D05DD1DD3A767008D89E1 /* Sources */ = {
			isa = PBXSourcesBuildPhase;
			buildActionMask = 2147483647;
			files = (
				770D05F11DD3ABE6008D89E1 /* LessonCollectionViewCell.m in Sources */,
				770D05F21DD3ABEC008D89E1 /* MSCurrentTimeGridline.m in Sources */,
				770D05F81DD3ABF3008D89E1 /* MSTimeRowHeaderBackground.m in Sources */,
				770D05F31DD3ABF3008D89E1 /* MSCurrentTimeIndicator.m in Sources */,
				770D05F41DD3ABF3008D89E1 /* MSDayColumnHeader.m in Sources */,
				7729633B1DDB14E40069EBCC /* Lesson+CoreDataProperties.m in Sources */,
				7729633A1DDB14E40069EBCC /* Lesson+CoreDataClass.m in Sources */,
				770D05FB1DD3AF0B008D89E1 /* DataStorage.xcdatamodeld in Sources */,
				770D05F71DD3ABF3008D89E1 /* MSTimeRowHeader.m in Sources */,
				770D05E61DD3A767008D89E1 /* TodayViewController.m in Sources */,
				770D05F61DD3ABF3008D89E1 /* MSGridline.m in Sources */,
				770D05FC1DD3AF3B008D89E1 /* EventParser.m in Sources */,
				770D05F51DD3ABF3008D89E1 /* MSDayColumnHeaderBackground.m in Sources */,
			);
			runOnlyForDeploymentPostprocessing = 0;
		};
		C33FCC5F1819965300328F6D /* Sources */ = {
			isa = PBXSourcesBuildPhase;
			buildActionMask = 2147483647;
			files = (
				C33FCC7D1819965300328F6D /* TimeTableViewController.m in Sources */,
				7713D5A11CA57A4F00FCDA9B /* ModalView.m in Sources */,
				772963391DDB14660069EBCC /* Lesson+CoreDataProperties.m in Sources */,
				773302911DD1D6F400F9D3F1 /* SettingsViewController.m in Sources */,
				778E3AD31DCB99A90083A658 /* MSDayColumnHeader.m in Sources */,
				779CF2011DE9EF9E002C9CA5 /* PopoverComboBoxViewController.m in Sources */,
				77C8DFAA1B3857F5001FB152 /* InitViewController.m in Sources */,
				6928EA27182D94BE00070B44 /* ItemsTableViewController.m in Sources */,
				C3E9AC1A1878BF3900E84287 /* AddItemsTableViewController.m in Sources */,
				778E3AD41DCB99A90083A658 /* MSDayColumnHeaderBackground.m in Sources */,
				77F433261D8EDA6C00775C4A /* DataStorage.xcdatamodeld in Sources */,
				778E3ADB1DCB9F8D0083A658 /* LessonCollectionViewCell.m in Sources */,
				778E3AB81DCB86190083A658 /* Item+CoreDataProperties.m in Sources */,
				C33FCC771819965300328F6D /* AppDelegate.m in Sources */,
				778E3AD71DCB99AA0083A658 /* MSTimeRowHeader.m in Sources */,
				778E3AD81DCB99AA0083A658 /* MSTimeRowHeaderBackground.m in Sources */,
				C33FCC731819965300328F6D /* main.m in Sources */,
				771623741DE339EF00B9C928 /* MenuTableViewController.m in Sources */,
				7777778D1DC90B8700F557B0 /* EventParser.m in Sources */,
				772963381DDB14660069EBCC /* Lesson+CoreDataClass.m in Sources */,
				779CF1FE1DE9EF6E002C9CA5 /* PopoverMenuViewController.m in Sources */,
				778E3AD61DCB99AA0083A658 /* MSGridline.m in Sources */,
				778E3AB71DCB86190083A658 /* Item+CoreDataClass.m in Sources */,
				778E3AD21DCB99A90083A658 /* MSCurrentTimeIndicator.m in Sources */,
				778E3AD11DCB99A90083A658 /* MSCurrentTimeGridline.m in Sources */,
				779CF1F61DE9E98B002C9CA5 /* TabletTimeTableViewController.m in Sources */,
				7777778E1DC90B8700F557B0 /* Request.m in Sources */,
			);
			runOnlyForDeploymentPostprocessing = 0;
		};
/* End PBXSourcesBuildPhase section */

/* Begin PBXTargetDependency section */
		770D05EC1DD3A767008D89E1 /* PBXTargetDependency */ = {
			isa = PBXTargetDependency;
			target = 770D05E01DD3A767008D89E1 /* KNURE TimeTable iOS TodayExtension */;
			targetProxy = 770D05EB1DD3A767008D89E1 /* PBXContainerItemProxy */;
		};
/* End PBXTargetDependency section */

/* Begin PBXVariantGroup section */
		770D05E71DD3A767008D89E1 /* MainInterface.storyboard */ = {
			isa = PBXVariantGroup;
			children = (
				770D05E81DD3A767008D89E1 /* Base */,
			);
			name = MainInterface.storyboard;
			sourceTree = "<group>";
		};
		772025491B51075D0082929F /* InfoPlist.strings */ = {
			isa = PBXVariantGroup;
			children = (
				772025481B51075D0082929F /* Base */,
				7720254A1B5107650082929F /* ru */,
				7720254B1B5107680082929F /* en */,
			);
			name = InfoPlist.strings;
			path = Resources;
			sourceTree = "<group>";
		};
		77B0E0F21B656A4F00D4506E /* Localizable.strings */ = {
			isa = PBXVariantGroup;
			children = (
				77B0E0F11B656A4F00D4506E /* Base */,
				77B0E0F31B656A5000D4506E /* ru */,
				77B0E0F41B656A5100D4506E /* en */,
			);
			name = Localizable.strings;
			path = Resources;
			sourceTree = "<group>";
		};
		77C8DF9F1B384688001FB152 /* Main.storyboard */ = {
			isa = PBXVariantGroup;
			children = (
				77C8DF9E1B384688001FB152 /* Base */,
			);
			name = Main.storyboard;
			sourceTree = "<group>";
		};
/* End PBXVariantGroup section */

/* Begin XCBuildConfiguration section */
		770D05EE1DD3A767008D89E1 /* Debug */ = {
			isa = XCBuildConfiguration;
			baseConfigurationReference = 6F9B3C9852C6F741E7807E8E /* Pods-KNURE TimeTable iOS TodayExtension.debug.xcconfig */;
			buildSettings = {
				CLANG_ANALYZER_NONNULL = YES;
				CLANG_WARN_DOCUMENTATION_COMMENTS = YES;
				CLANG_WARN_SUSPICIOUS_MOVES = YES;
				CODE_SIGN_ENTITLEMENTS = "KNURE TimeTable iOS TodayExtension/KNURE TimeTable iOS TodayExtension.entitlements";
				CODE_SIGN_IDENTITY = "iPhone Developer";
				"CODE_SIGN_IDENTITY[sdk=iphoneos*]" = "iPhone Developer";
				"CODE_SIGN_IDENTITY[sdk=iphoneos7.0]" = "iPhone Developer: Vlad Chapaev (7UZ86QHPGM)";
				DEBUG_INFORMATION_FORMAT = dwarf;
				DEVELOPMENT_TEAM = GJ8GF93D7L;
				GCC_WARN_UNINITIALIZED_AUTOS = YES_AGGRESSIVE;
				INFOPLIST_FILE = "KNURE TimeTable iOS TodayExtension/Info.plist";
				IPHONEOS_DEPLOYMENT_TARGET = 8.0;
				LD_RUNPATH_SEARCH_PATHS = "$(inherited) @executable_path/Frameworks @executable_path/../../Frameworks";
				MTL_ENABLE_DEBUG_INFO = YES;
				PRODUCT_BUNDLE_IDENTIFIER = "Shogunate.KNURE-Sked.KNURE-TimeTable-iOS-TodayExtension";
				PRODUCT_NAME = "$(TARGET_NAME)";
				SKIP_INSTALL = YES;
			};
			name = Debug;
		};
		770D05EF1DD3A767008D89E1 /* Release */ = {
			isa = XCBuildConfiguration;
			baseConfigurationReference = F2A9195A42602F6993537CEE /* Pods-KNURE TimeTable iOS TodayExtension.release.xcconfig */;
			buildSettings = {
				CLANG_ANALYZER_NONNULL = YES;
				CLANG_WARN_DOCUMENTATION_COMMENTS = YES;
				CLANG_WARN_SUSPICIOUS_MOVES = YES;
				CODE_SIGN_ENTITLEMENTS = "KNURE TimeTable iOS TodayExtension/KNURE TimeTable iOS TodayExtension.entitlements";
				CODE_SIGN_IDENTITY = "iPhone Developer";
				"CODE_SIGN_IDENTITY[sdk=iphoneos*]" = "iPhone Developer";
				"CODE_SIGN_IDENTITY[sdk=iphoneos7.0]" = "iPhone Developer: Vlad Chapaev (7UZ86QHPGM)";
				DEBUG_INFORMATION_FORMAT = "dwarf-with-dsym";
				DEVELOPMENT_TEAM = GJ8GF93D7L;
				GCC_WARN_UNINITIALIZED_AUTOS = YES_AGGRESSIVE;
				INFOPLIST_FILE = "KNURE TimeTable iOS TodayExtension/Info.plist";
				IPHONEOS_DEPLOYMENT_TARGET = 8.0;
				LD_RUNPATH_SEARCH_PATHS = "$(inherited) @executable_path/Frameworks @executable_path/../../Frameworks";
				MTL_ENABLE_DEBUG_INFO = NO;
				PRODUCT_BUNDLE_IDENTIFIER = "Shogunate.KNURE-Sked.KNURE-TimeTable-iOS-TodayExtension";
				PRODUCT_NAME = "$(TARGET_NAME)";
				SKIP_INSTALL = YES;
			};
			name = Release;
		};
		C33FCC931819965300328F6D /* Debug */ = {
			isa = XCBuildConfiguration;
			buildSettings = {
				ALWAYS_SEARCH_USER_PATHS = NO;
				CLANG_ANALYZER_LOCALIZABILITY_NONLOCALIZED = YES;
				CLANG_CXX_LANGUAGE_STANDARD = "gnu++0x";
				CLANG_CXX_LIBRARY = "libc++";
				CLANG_ENABLE_MODULES = YES;
				CLANG_ENABLE_OBJC_ARC = YES;
				CLANG_WARN_BOOL_CONVERSION = YES;
				CLANG_WARN_CONSTANT_CONVERSION = YES;
				CLANG_WARN_DIRECT_OBJC_ISA_USAGE = YES_ERROR;
				CLANG_WARN_EMPTY_BODY = YES;
				CLANG_WARN_ENUM_CONVERSION = YES;
				CLANG_WARN_INFINITE_RECURSION = YES;
				CLANG_WARN_INT_CONVERSION = YES;
				CLANG_WARN_OBJC_ROOT_CLASS = YES_ERROR;
				CLANG_WARN_SUSPICIOUS_MOVE = YES;
				CLANG_WARN_UNREACHABLE_CODE = YES;
				CLANG_WARN__DUPLICATE_METHOD_MATCH = YES;
				"CODE_SIGN_IDENTITY[sdk=iphoneos*]" = "iPhone Developer";
				COPY_PHASE_STRIP = NO;
				ENABLE_STRICT_OBJC_MSGSEND = YES;
				ENABLE_TESTABILITY = YES;
				GCC_C_LANGUAGE_STANDARD = gnu99;
				GCC_DYNAMIC_NO_PIC = NO;
				GCC_NO_COMMON_BLOCKS = YES;
				GCC_OPTIMIZATION_LEVEL = 0;
				GCC_PRECOMPILE_PREFIX_HEADER = YES;
				GCC_PREFIX_HEADER = "$(SRCROOT)/PrefixHeader.pch";
				GCC_PREPROCESSOR_DEFINITIONS = (
					"DEBUG=1",
					"$(inherited)",
				);
				GCC_SYMBOLS_PRIVATE_EXTERN = NO;
				GCC_WARN_64_TO_32_BIT_CONVERSION = YES;
				GCC_WARN_ABOUT_RETURN_TYPE = YES_ERROR;
				GCC_WARN_UNDECLARED_SELECTOR = YES;
				GCC_WARN_UNINITIALIZED_AUTOS = YES;
				GCC_WARN_UNUSED_FUNCTION = YES;
				GCC_WARN_UNUSED_VARIABLE = YES;
				HEADER_SEARCH_PATHS = (
					"$(inherited)",
					/Applications/Xcode.app/Contents/Developer/Toolchains/XcodeDefault.xctoolchain/usr/include,
					/usr/include/libxml2,
				);
				IPHONEOS_DEPLOYMENT_TARGET = 8.0;
				ONLY_ACTIVE_ARCH = YES;
				SDKROOT = iphoneos;
			};
			name = Debug;
		};
		C33FCC941819965300328F6D /* Release */ = {
			isa = XCBuildConfiguration;
			buildSettings = {
				ALWAYS_SEARCH_USER_PATHS = NO;
				CLANG_ANALYZER_LOCALIZABILITY_NONLOCALIZED = YES;
				CLANG_CXX_LANGUAGE_STANDARD = "gnu++0x";
				CLANG_CXX_LIBRARY = "libc++";
				CLANG_ENABLE_MODULES = YES;
				CLANG_ENABLE_OBJC_ARC = YES;
				CLANG_WARN_BOOL_CONVERSION = YES;
				CLANG_WARN_CONSTANT_CONVERSION = YES;
				CLANG_WARN_DIRECT_OBJC_ISA_USAGE = YES_ERROR;
				CLANG_WARN_EMPTY_BODY = YES;
				CLANG_WARN_ENUM_CONVERSION = YES;
				CLANG_WARN_INFINITE_RECURSION = YES;
				CLANG_WARN_INT_CONVERSION = YES;
				CLANG_WARN_OBJC_ROOT_CLASS = YES_ERROR;
				CLANG_WARN_SUSPICIOUS_MOVE = YES;
				CLANG_WARN_UNREACHABLE_CODE = YES;
				CLANG_WARN__DUPLICATE_METHOD_MATCH = YES;
				"CODE_SIGN_IDENTITY[sdk=iphoneos*]" = "iPhone Developer";
				COPY_PHASE_STRIP = NO;
				ENABLE_NS_ASSERTIONS = NO;
				ENABLE_STRICT_OBJC_MSGSEND = YES;
				GCC_C_LANGUAGE_STANDARD = gnu99;
				GCC_NO_COMMON_BLOCKS = YES;
				GCC_PRECOMPILE_PREFIX_HEADER = YES;
				GCC_PREFIX_HEADER = "$(SRCROOT)/PrefixHeader.pch";
				GCC_WARN_64_TO_32_BIT_CONVERSION = YES;
				GCC_WARN_ABOUT_RETURN_TYPE = YES_ERROR;
				GCC_WARN_UNDECLARED_SELECTOR = YES;
				GCC_WARN_UNINITIALIZED_AUTOS = YES;
				GCC_WARN_UNUSED_FUNCTION = YES;
				GCC_WARN_UNUSED_VARIABLE = YES;
				HEADER_SEARCH_PATHS = (
					"$(inherited)",
					/Applications/Xcode.app/Contents/Developer/Toolchains/XcodeDefault.xctoolchain/usr/include,
					/usr/include/libxml2,
				);
				IPHONEOS_DEPLOYMENT_TARGET = 8.0;
				SDKROOT = iphoneos;
				VALIDATE_PRODUCT = YES;
			};
			name = Release;
		};
		C33FCC961819965300328F6D /* Debug */ = {
			isa = XCBuildConfiguration;
			baseConfigurationReference = D27587E9845C57B26288F1AE /* Pods-KNURE TimeTable iOS.debug.xcconfig */;
			buildSettings = {
				ASSETCATALOG_COMPILER_APPICON_NAME = AppIcon;
				CLANG_ENABLE_MODULES = YES;
				CODE_SIGN_ENTITLEMENTS = "KNURE TimeTable iOS/KNURE TimeTable iOS.entitlements";
				CODE_SIGN_IDENTITY = "iPhone Developer";
				"CODE_SIGN_IDENTITY[sdk=iphoneos*]" = "iPhone Developer";
				"CODE_SIGN_IDENTITY[sdk=iphoneos7.0]" = "iPhone Developer: Vlad Chapaev (7UZ86QHPGM)";
				GCC_PRECOMPILE_PREFIX_HEADER = YES;
				"HEADER_SEARCH_PATHS[arch=*]" = /usr/include/libxml2;
				INFOPLIST_FILE = "$(SRCROOT)/KNURE TimeTable iOS/Info.plist";
				IPHONEOS_DEPLOYMENT_TARGET = 8.0;
				LD_RUNPATH_SEARCH_PATHS = "$(inherited) @executable_path/Frameworks";
				PRODUCT_BUNDLE_IDENTIFIER = "Shogunate.KNURE-Sked";
				PRODUCT_NAME = "$(TARGET_NAME)";
				PROVISIONING_PROFILE = "";
				SWIFT_OPTIMIZATION_LEVEL = "-Onone";
				TARGETED_DEVICE_FAMILY = "1,2";
				WRAPPER_EXTENSION = app;
			};
			name = Debug;
		};
		C33FCC971819965300328F6D /* Release */ = {
			isa = XCBuildConfiguration;
			baseConfigurationReference = 339A69FFC67A52D1E0A346AF /* Pods-KNURE TimeTable iOS.release.xcconfig */;
			buildSettings = {
				ASSETCATALOG_COMPILER_APPICON_NAME = AppIcon;
				CLANG_ENABLE_MODULES = YES;
				CODE_SIGN_ENTITLEMENTS = "KNURE TimeTable iOS/KNURE TimeTable iOS.entitlements";
				CODE_SIGN_IDENTITY = "iPhone Developer";
				"CODE_SIGN_IDENTITY[sdk=iphoneos*]" = "iPhone Developer";
				"CODE_SIGN_IDENTITY[sdk=iphoneos7.0]" = "iPhone Developer: Vlad Chapaev (7UZ86QHPGM)";
				GCC_PRECOMPILE_PREFIX_HEADER = YES;
				INFOPLIST_FILE = "$(SRCROOT)/KNURE TimeTable iOS/Info.plist";
				IPHONEOS_DEPLOYMENT_TARGET = 8.0;
				LD_RUNPATH_SEARCH_PATHS = "$(inherited) @executable_path/Frameworks";
				PRODUCT_BUNDLE_IDENTIFIER = "Shogunate.KNURE-Sked";
				PRODUCT_NAME = "$(TARGET_NAME)";
				PROVISIONING_PROFILE = "";
				TARGETED_DEVICE_FAMILY = "1,2";
				WRAPPER_EXTENSION = app;
			};
			name = Release;
		};
/* End XCBuildConfiguration section */

/* Begin XCConfigurationList section */
		770D05F01DD3A767008D89E1 /* Build configuration list for PBXNativeTarget "KNURE TimeTable iOS TodayExtension" */ = {
			isa = XCConfigurationList;
			buildConfigurations = (
				770D05EE1DD3A767008D89E1 /* Debug */,
				770D05EF1DD3A767008D89E1 /* Release */,
			);
			defaultConfigurationIsVisible = 0;
			defaultConfigurationName = Release;
		};
		C33FCC5E1819965300328F6D /* Build configuration list for PBXProject "KNURE TimeTable" */ = {
			isa = XCConfigurationList;
			buildConfigurations = (
				C33FCC931819965300328F6D /* Debug */,
				C33FCC941819965300328F6D /* Release */,
			);
			defaultConfigurationIsVisible = 0;
			defaultConfigurationName = Release;
		};
		C33FCC951819965300328F6D /* Build configuration list for PBXNativeTarget "KNURE TimeTable iOS" */ = {
			isa = XCConfigurationList;
			buildConfigurations = (
				C33FCC961819965300328F6D /* Debug */,
				C33FCC971819965300328F6D /* Release */,
			);
			defaultConfigurationIsVisible = 0;
			defaultConfigurationName = Release;
		};
/* End XCConfigurationList section */

/* Begin XCVersionGroup section */
		77F433241D8EDA6C00775C4A /* DataStorage.xcdatamodeld */ = {
			isa = XCVersionGroup;
			children = (
				77F433251D8EDA6C00775C4A /* DataStorage.xcdatamodel */,
			);
			currentVersion = 77F433251D8EDA6C00775C4A /* DataStorage.xcdatamodel */;
			path = DataStorage.xcdatamodeld;
			sourceTree = "<group>";
			versionGroupType = wrapper.xcdatamodel;
		};
/* End XCVersionGroup section */
	};
	rootObject = C33FCC5B1819965300328F6D /* Project object */;
}
